
Microsoft Visual Studio Solution File, Format Version 12.00
# Visual Studio Version 17
VisualStudioVersion = 17.9.34728.123
MinimumVisualStudioVersion = 10.0.40219.1
Project("{2150E333-8FDC-42A3-9474-1A3956D46DE8}") = "Source", "Source", "{D715683A-3376-40BE-BFA7-E639C46EEFDB}"
EndProject
Project("{2150E333-8FDC-42A3-9474-1A3956D46DE8}") = "Presentation", "Presentation", "{5052122C-9F25-4A61-A4B7-D6BA365D34B8}"
EndProject
Project("{2150E333-8FDC-42A3-9474-1A3956D46DE8}") = "Infraestructure", "Infraestructure", "{17C1432F-DC0C-4DF9-B9FD-B9C5A1BB4B7C}"
EndProject
Project("{2150E333-8FDC-42A3-9474-1A3956D46DE8}") = "Core", "Core", "{C478B544-BF33-4CC6-8DF1-8B4C41DD612F}"
EndProject
Project("{FAE04EC0-301F-11D3-BF4B-00C04F79EFBC}") = "Factoring.WebApi", "Source\Presentation\Factoring.WebApi\Factoring.WebApi.csproj", "{64F237D8-78FB-46A9-9E64-4B02F2EA00BF}"
EndProject
Project("{FAE04EC0-301F-11D3-BF4B-00C04F79EFBC}") = "Factoring.Domain", "Source\Core\Factoring.Domain\Factoring.Domain.csproj", "{FEAC77A6-DD8F-482C-AEE1-F449D1F21DFB}"
EndProject
Project("{FAE04EC0-301F-11D3-BF4B-00C04F79EFBC}") = "Factoring.Application", "Source\Core\Factoring.Application\Factoring.Application.csproj", "{FF274520-23ED-438C-9820-01B1B4824EFC}"
EndProject
Project("{FAE04EC0-301F-11D3-BF4B-00C04F79EFBC}") = "Factoring.Persistence", "Source\Infraestructure\Factoring.Persistence\Factoring.Persistence.csproj", "{F3E1E1D3-63A5-4CD7-816F-84C19FC06F7B}"
EndProject
Project("{FAE04EC0-301F-11D3-BF4B-00C04F79EFBC}") = "Factoring.Shared", "Source\Infraestructure\Factoring.Shared\Factoring.Shared.csproj", "{27AA357D-5A05-49B4-A055-C28CAFDFE8E4}"
EndProject
Global
	GlobalSection(SolutionConfigurationPlatforms) = preSolution
		Debug|Any CPU = Debug|Any CPU
		Release|Any CPU = Release|Any CPU
	EndGlobalSection
	GlobalSection(ProjectConfigurationPlatforms) = postSolution
		{64F237D8-78FB-46A9-9E64-4B02F2EA00BF}.Debug|Any CPU.ActiveCfg = Debug|Any CPU
		{64F237D8-78FB-46A9-9E64-4B02F2EA00BF}.Debug|Any CPU.Build.0 = Debug|Any CPU
		{64F237D8-78FB-46A9-9E64-4B02F2EA00BF}.Release|Any CPU.ActiveCfg = Release|Any CPU
		{64F237D8-78FB-46A9-9E64-4B02F2EA00BF}.Release|Any CPU.Build.0 = Release|Any CPU
		{FEAC77A6-DD8F-482C-AEE1-F449D1F21DFB}.Debug|Any CPU.ActiveCfg = Debug|Any CPU
		{FEAC77A6-DD8F-482C-AEE1-F449D1F21DFB}.Debug|Any CPU.Build.0 = Debug|Any CPU
		{FEAC77A6-DD8F-482C-AEE1-F449D1F21DFB}.Release|Any CPU.ActiveCfg = Release|Any CPU
		{FEAC77A6-DD8F-482C-AEE1-F449D1F21DFB}.Release|Any CPU.Build.0 = Release|Any CPU
		{FF274520-23ED-438C-9820-01B1B4824EFC}.Debug|Any CPU.ActiveCfg = Debug|Any CPU
		{FF274520-23ED-438C-9820-01B1B4824EFC}.Debug|Any CPU.Build.0 = Debug|Any CPU
		{FF274520-23ED-438C-9820-01B1B4824EFC}.Release|Any CPU.ActiveCfg = Release|Any CPU
		{FF274520-23ED-438C-9820-01B1B4824EFC}.Release|Any CPU.Build.0 = Release|Any CPU
		{F3E1E1D3-63A5-4CD7-816F-84C19FC06F7B}.Debug|Any CPU.ActiveCfg = Debug|Any CPU
		{F3E1E1D3-63A5-4CD7-816F-84C19FC06F7B}.Debug|Any CPU.Build.0 = Debug|Any CPU
		{F3E1E1D3-63A5-4CD7-816F-84C19FC06F7B}.Release|Any CPU.ActiveCfg = Release|Any CPU
		{F3E1E1D3-63A5-4CD7-816F-84C19FC06F7B}.Release|Any CPU.Build.0 = Release|Any CPU
		{27AA357D-5A05-49B4-A055-C28CAFDFE8E4}.Debug|Any CPU.ActiveCfg = Debug|Any CPU
		{27AA357D-5A05-49B4-A055-C28CAFDFE8E4}.Debug|Any CPU.Build.0 = Debug|Any CPU
		{27AA357D-5A05-49B4-A055-C28CAFDFE8E4}.Release|Any CPU.ActiveCfg = Release|Any CPU
		{27AA357D-5A05-49B4-A055-C28CAFDFE8E4}.Release|Any CPU.Build.0 = Release|Any CPU
	EndGlobalSection
	GlobalSection(SolutionProperties) = preSolution
		HideSolutionNode = FALSE
	EndGlobalSection
	GlobalSection(NestedProjects) = preSolution
		{5052122C-9F25-4A61-A4B7-D6BA365D34B8} = {D715683A-3376-40BE-BFA7-E639C46EEFDB}
		{17C1432F-DC0C-4DF9-B9FD-B9C5A1BB4B7C} = {D715683A-3376-40BE-BFA7-E639C46EEFDB}
		{C478B544-BF33-4CC6-8DF1-8B4C41DD612F} = {D715683A-3376-40BE-BFA7-E639C46EEFDB}
		{64F237D8-78FB-46A9-9E64-4B02F2EA00BF} = {5052122C-9F25-4A61-A4B7-D6BA365D34B8}
		{FEAC77A6-DD8F-482C-AEE1-F449D1F21DFB} = {C478B544-BF33-4CC6-8DF1-8B4C41DD612F}
		{FF274520-23ED-438C-9820-01B1B4824EFC} = {C478B544-BF33-4CC6-8DF1-8B4C41DD612F}
		{F3E1E1D3-63A5-4CD7-816F-84C19FC06F7B} = {17C1432F-DC0C-4DF9-B9FD-B9C5A1BB4B7C}
		{27AA357D-5A05-49B4-A055-C28CAFDFE8E4} = {17C1432F-DC0C-4DF9-B9FD-B9C5A1BB4B7C}
	EndGlobalSection
	GlobalSection(ExtensibilityGlobals) = postSolution
		SolutionGuid = {C8F8AA4B-FDAB-42C4-95A8-83470AA56A25}
	EndGlobalSection
EndGlobal
